
Microsoft Visual Studio Solution File, Format Version 12.00
# Visual Studio 15
VisualStudioVersion = 15.0.28307.329
MinimumVisualStudioVersion = 10.0.40219.1
Project("{FAE04EC0-301F-11D3-BF4B-00C04F79EFBC}") = "Base", "Base\Base.csproj", "{C7C37675-6EBB-4A32-9BF7-6DA697E192C1}"
EndProject
Project("{FAE04EC0-301F-11D3-BF4B-00C04F79EFBC}") = "BaseControls", "BaseControls\BaseControls.csproj", "{B20351C3-03FE-4B17-821E-A911D76B65B8}"
EndProject
Project("{FAE04EC0-301F-11D3-BF4B-00C04F79EFBC}") = "BaseForms", "BaseForms\BaseForms.csproj", "{DD5ECDF0-A114-4B52-BF21-411B85B5EF5F}"
EndProject
Project("{FAE04EC0-301F-11D3-BF4B-00C04F79EFBC}") = "BaseHelpers", "BaseHelpers\BaseHelpers.csproj", "{FB858555-389D-4A51-9FB4-AD259DF54AED}"
EndProject
Global
	GlobalSection(SolutionConfigurationPlatforms) = preSolution
		Debug|Any CPU = Debug|Any CPU
		Release|Any CPU = Release|Any CPU
	EndGlobalSection
	GlobalSection(ProjectConfigurationPlatforms) = postSolution
		{C7C37675-6EBB-4A32-9BF7-6DA697E192C1}.Debug|Any CPU.ActiveCfg = Debug|Any CPU
		{C7C37675-6EBB-4A32-9BF7-6DA697E192C1}.Debug|Any CPU.Build.0 = Debug|Any CPU
		{C7C37675-6EBB-4A32-9BF7-6DA697E192C1}.Release|Any CPU.ActiveCfg = Release|Any CPU
		{C7C37675-6EBB-4A32-9BF7-6DA697E192C1}.Release|Any CPU.Build.0 = Release|Any CPU
		{B20351C3-03FE-4B17-821E-A911D76B65B8}.Debug|Any CPU.ActiveCfg = Debug|Any CPU
		{B20351C3-03FE-4B17-821E-A911D76B65B8}.Debug|Any CPU.Build.0 = Debug|Any CPU
		{B20351C3-03FE-4B17-821E-A911D76B65B8}.Release|Any CPU.ActiveCfg = Release|Any CPU
		{B20351C3-03FE-4B17-821E-A911D76B65B8}.Release|Any CPU.Build.0 = Release|Any CPU
		{DD5ECDF0-A114-4B52-BF21-411B85B5EF5F}.Debug|Any CPU.ActiveCfg = Debug|Any CPU
		{DD5ECDF0-A114-4B52-BF21-411B85B5EF5F}.Debug|Any CPU.Build.0 = Debug|Any CPU
		{DD5ECDF0-A114-4B52-BF21-411B85B5EF5F}.Release|Any CPU.ActiveCfg = Release|Any CPU
		{DD5ECDF0-A114-4B52-BF21-411B85B5EF5F}.Release|Any CPU.Build.0 = Release|Any CPU
		{FB858555-389D-4A51-9FB4-AD259DF54AED}.Debug|Any CPU.ActiveCfg = Debug|Any CPU
		{FB858555-389D-4A51-9FB4-AD259DF54AED}.Debug|Any CPU.Build.0 = Debug|Any CPU
		{FB858555-389D-4A51-9FB4-AD259DF54AED}.Release|Any CPU.ActiveCfg = Release|Any CPU
		{FB858555-389D-4A51-9FB4-AD259DF54AED}.Release|Any CPU.Build.0 = Release|Any CPU
	EndGlobalSection
	GlobalSection(SolutionProperties) = preSolution
		HideSolutionNode = FALSE
	EndGlobalSection
	GlobalSection(ExtensibilityGlobals) = postSolution
		SolutionGuid = {955E517B-2347-43A6-B80E-5F41E8E0F4B9}
	EndGlobalSection
EndGlobal
