
Microsoft Visual Studio Solution File, Format Version 12.00
# Visual Studio 2013
VisualStudioVersion = 12.0.31101.0
MinimumVisualStudioVersion = 10.0.40219.1
Project("{FAE04EC0-301F-11D3-BF4B-00C04F79EFBC}") = "Base", "Base\Base.csproj", "{C7C37675-6EBB-4A32-9BF7-6DA697E192C1}"
EndProject
Project("{FAE04EC0-301F-11D3-BF4B-00C04F79EFBC}") = "BaseControls", "BaseControls\BaseControls.csproj", "{B20351C3-03FE-4B17-821E-A911D76B65B8}"
EndProject
Project("{FAE04EC0-301F-11D3-BF4B-00C04F79EFBC}") = "BaseForms", "BaseForms\BaseForms.csproj", "{DD5ECDF0-A114-4B52-BF21-411B85B5EF5F}"
EndProject
Project("{FAE04EC0-301F-11D3-BF4B-00C04F79EFBC}") = "BaseHelpers", "BaseHelpers\BaseHelpers.csproj", "{FB858555-389D-4A51-9FB4-AD259DF54AED}"
EndProject
Global
	GlobalSection(TeamFoundationVersionControl) = preSolution
		SccNumberOfProjects = 5
		SccEnterpriseProvider = {4CA58AB2-18FA-4F8D-95D4-32DDF27D184C}
		SccTeamFoundationServer = https://pabloandreychacon.visualstudio.com/defaultcollection
		SccLocalPath0 = .
		SccProjectUniqueName1 = Base\\Base.csproj
		SccProjectName1 = Base
		SccLocalPath1 = Base
		SccProjectUniqueName2 = BaseControls\\BaseControls.csproj
		SccProjectName2 = BaseControls
		SccLocalPath2 = BaseControls
		SccProjectUniqueName3 = BaseForms\\BaseForms.csproj
		SccProjectName3 = BaseForms
		SccLocalPath3 = BaseForms
		SccProjectUniqueName4 = BaseHelpers\\BaseHelpers.csproj
		SccProjectName4 = BaseHelpers
		SccLocalPath4 = BaseHelpers
	EndGlobalSection
	GlobalSection(SolutionConfigurationPlatforms) = preSolution
		Debug|Any CPU = Debug|Any CPU
		Release|Any CPU = Release|Any CPU
	EndGlobalSection
	GlobalSection(ProjectConfigurationPlatforms) = postSolution
		{C7C37675-6EBB-4A32-9BF7-6DA697E192C1}.Debug|Any CPU.ActiveCfg = Debug|Any CPU
		{C7C37675-6EBB-4A32-9BF7-6DA697E192C1}.Debug|Any CPU.Build.0 = Debug|Any CPU
		{C7C37675-6EBB-4A32-9BF7-6DA697E192C1}.Release|Any CPU.ActiveCfg = Release|Any CPU
		{C7C37675-6EBB-4A32-9BF7-6DA697E192C1}.Release|Any CPU.Build.0 = Release|Any CPU
		{B20351C3-03FE-4B17-821E-A911D76B65B8}.Debug|Any CPU.ActiveCfg = Debug|Any CPU
		{B20351C3-03FE-4B17-821E-A911D76B65B8}.Debug|Any CPU.Build.0 = Debug|Any CPU
		{B20351C3-03FE-4B17-821E-A911D76B65B8}.Release|Any CPU.ActiveCfg = Release|Any CPU
		{B20351C3-03FE-4B17-821E-A911D76B65B8}.Release|Any CPU.Build.0 = Release|Any CPU
		{DD5ECDF0-A114-4B52-BF21-411B85B5EF5F}.Debug|Any CPU.ActiveCfg = Debug|Any CPU
		{DD5ECDF0-A114-4B52-BF21-411B85B5EF5F}.Debug|Any CPU.Build.0 = Debug|Any CPU
		{DD5ECDF0-A114-4B52-BF21-411B85B5EF5F}.Release|Any CPU.ActiveCfg = Release|Any CPU
		{DD5ECDF0-A114-4B52-BF21-411B85B5EF5F}.Release|Any CPU.Build.0 = Release|Any CPU
		{FB858555-389D-4A51-9FB4-AD259DF54AED}.Debug|Any CPU.ActiveCfg = Debug|Any CPU
		{FB858555-389D-4A51-9FB4-AD259DF54AED}.Debug|Any CPU.Build.0 = Debug|Any CPU
		{FB858555-389D-4A51-9FB4-AD259DF54AED}.Release|Any CPU.ActiveCfg = Release|Any CPU
		{FB858555-389D-4A51-9FB4-AD259DF54AED}.Release|Any CPU.Build.0 = Release|Any CPU
	EndGlobalSection
	GlobalSection(SolutionProperties) = preSolution
		HideSolutionNode = FALSE
	EndGlobalSection
EndGlobal
